NeoBundleLock neobundle.vim 380d9d299300019c0a9970ae6b87faabedab0747
NeoBundleLock nerdtree 15445be5fb2559829ac7a1f05af5d713586e8ec9
NeoBundleLock syntastic c2c6a075113adbfcc4f1ad5b1c0200a0d35ceeb6
NeoBundleLock tsuquyomi 1c7271c2d324cd0d2c714f5578e7b03cb27f5f44
NeoBundleLock unite.vim 503e03fdf1485e8f54cbe76d09bf608fcde29107
NeoBundleLock vim-less 6e818d5614d5fc18d95a48c92b89e6db39f9e3d6
NeoBundleLock vimproc 0ff17bc0725cd0323df87664fa02b1436349f667
